
Microsoft Visual Studio Solution File, Format Version 12.00
# Visual Studio Version 17
VisualStudioVersion = 17.14.36301.6
MinimumVisualStudioVersion = 10.0.40219.1
Project("{2150E333-8FDC-42A3-9474-1A3956D46DE8}") = "Test", "Test", "{FA778151-9264-4DCC-9842-1D287F54369B}"
EndProject
Project("{FAE04EC0-301F-11D3-BF4B-00C04F79EFBC}") = "Hilly_StoreAPI", "Hilly_StoreAPI\Hilly_StoreAPI.csproj", "{A2BCBA84-D655-49E7-81E0-303E31A84DFD}"
EndProject
Global
	GlobalSection(SolutionConfigurationPlatforms) = preSolution
		Debug|Any CPU = Debug|Any CPU
		Release|Any CPU = Release|Any CPU
	EndGlobalSection
	GlobalSection(ProjectConfigurationPlatforms) = postSolution
		{A2BCBA84-D655-49E7-81E0-303E31A84DFD}.Debug|Any CPU.ActiveCfg = Debug|Any CPU
		{A2BCBA84-D655-49E7-81E0-303E31A84DFD}.Debug|Any CPU.Build.0 = Debug|Any CPU
		{A2BCBA84-D655-49E7-81E0-303E31A84DFD}.Release|Any CPU.ActiveCfg = Release|Any CPU
		{A2BCBA84-D655-49E7-81E0-303E31A84DFD}.Release|Any CPU.Build.0 = Release|Any CPU
	EndGlobalSection
	GlobalSection(SolutionProperties) = preSolution
		HideSolutionNode = FALSE
	EndGlobalSection
	GlobalSection(ExtensibilityGlobals) = postSolution
		SolutionGuid = {8058C09D-06A3-42F5-A15F-23F7FD5AD026}
	EndGlobalSection
EndGlobal
